// !$*UTF8*$!
{
	archiveVersion = 1;
	classes = {
	};
	objectVersion = 50;
	objects = {

/* Begin PBXBuildFile section */
		7D73F8E12560D6C700AF1244 /* AppDelegate.swift in Sources */ = {isa = PBXBuildFile; fileRef = 7D73F8E02560D6C700AF1244 /* AppDelegate.swift */; };
		7D73F8E32560D6C700AF1244 /* SceneDelegate.swift in Sources */ = {isa = PBXBuildFile; fileRef = 7D73F8E22560D6C700AF1244 /* SceneDelegate.swift */; };
		7D73F8E52560D6C700AF1244 /* ViewController.swift in Sources */ = {isa = PBXBuildFile; fileRef = 7D73F8E42560D6C700AF1244 /* ViewController.swift */; };
		7D73F8E82560D6C700AF1244 /* Main.storyboard in Resources */ = {isa = PBXBuildFile; fileRef = 7D73F8E62560D6C700AF1244 /* Main.storyboard */; };
		7D73F8EA2560D6C800AF1244 /* Assets.xcassets in Resources */ = {isa = PBXBuildFile; fileRef = 7D73F8E92560D6C800AF1244 /* Assets.xcassets */; };
		7D73F8ED2560D6C800AF1244 /* LaunchScreen.storyboard in Resources */ = {isa = PBXBuildFile; fileRef = 7D73F8EB2560D6C800AF1244 /* LaunchScreen.storyboard */; };
		7D73F8F82560D6C800AF1244 /* TestTests.swift in Sources */ = {isa = PBXBuildFile; fileRef = 7D73F8F72560D6C800AF1244 /* TestTests.swift */; };
		7D73F9032560D6C800AF1244 /* TestUITests.swift in Sources */ = {isa = PBXBuildFile; fileRef = 7D73F9022560D6C800AF1244 /* TestUITests.swift */; };
/* End PBXBuildFile section */

/* Begin PBXContainerItemProxy section */
		7D73F8F42560D6C800AF1244 /* PBXContainerItemProxy */ = {
			isa = PBXContainerItemProxy;
			containerPortal = 7D73F8D52560D6C700AF1244 /* Project object */;
			proxyType = 1;
			remoteGlobalIDString = 7D73F8DC2560D6C700AF1244;
			remoteInfo = Test;
		};
		7D73F8FF2560D6C800AF1244 /* PBXContainerItemProxy */ = {
			isa = PBXContainerItemProxy;
			containerPortal = 7D73F8D52560D6C700AF1244 /* Project object */;
			proxyType = 1;
			remoteGlobalIDString = 7D73F8DC2560D6C700AF1244;
			remoteInfo = Test;
		};
/* End PBXContainerItemProxy section */

/* Begin PBXFileReference section */
		7D73F8DD2560D6C700AF1244 /* Test.app */ = {isa = PBXFileReference; explicitFileType = wrapper.application; includeInIndex = 0; path = Test.app; sourceTree = BUILT_PRODUCTS_DIR; };
		7D73F8E02560D6C700AF1244 /* AppDelegate.swift */ = {isa = PBXFileReference; lastKnownFileType = sourcecode.swift; path = AppDelegate.swift; sourceTree = "<group>"; };
		7D73F8E22560D6C700AF1244 /* SceneDelegate.swift */ = {isa = PBXFileReference; lastKnownFileType = sourcecode.swift; path = SceneDelegate.swift; sourceTree = "<group>"; };
		7D73F8E42560D6C700AF1244 /* ViewController.swift */ = {isa = PBXFileReference; lastKnownFileType = sourcecode.swift; path = ViewController.swift; sourceTree = "<group>"; };
		7D73F8E72560D6C700AF1244 /* Base */ = {isa = PBXFileReference; lastKnownFileType = file.storyboard; name = Base; path = Base.lproj/Main.storyboard; sourceTree = "<group>"; };
		7D73F8E92560D6C800AF1244 /* Assets.xcassets */ = {isa = PBXFileReference; lastKnownFileType = folder.assetcatalog; path = Assets.xcassets; sourceTree = "<group>"; };
		7D73F8EC2560D6C800AF1244 /* Base */ = {isa = PBXFileReference; lastKnownFileType = file.storyboard; name = Base; path = Base.lproj/LaunchScreen.storyboard; sourceTree = "<group>"; };
		7D73F8EE2560D6C800AF1244 /* Info.plist */ = {isa = PBXFileReference; lastKnownFileType = text.plist.xml; path = Info.plist; sourceTree = "<group>"; };
		7D73F8F32560D6C800AF1244 /* TestTests.xctest */ = {isa = PBXFileReference; explicitFileType = wrapper.cfbundle; includeInIndex = 0; path = TestTests.xctest; sourceTree = BUILT_PRODUCTS_DIR; };
		7D73F8F72560D6C800AF1244 /* TestTests.swift */ = {isa = PBXFileReference; lastKnownFileType = sourcecode.swift; path = TestTests.swift; sourceTree = "<group>"; };
		7D73F8F92560D6C800AF1244 /* Info.plist */ = {isa = PBXFileReference; lastKnownFileType = text.plist.xml; path = Info.plist; sourceTree = "<group>"; };
		7D73F8FE2560D6C800AF1244 /* TestUITests.xctest */ = {isa = PBXFileReference; explicitFileType = wrapper.cfbundle; includeInIndex = 0; path = TestUITests.xctest; sourceTree = BUILT_PRODUCTS_DIR; };
		7D73F9022560D6C800AF1244 /* TestUITests.swift */ = {isa = PBXFileReference; lastKnownFileType = sourcecode.swift; path = TestUITests.swift; sourceTree = "<group>"; };
		7D73F9042560D6C800AF1244 /* Info.plist */ = {isa = PBXFileReference; lastKnownFileType = text.plist.xml; path = Info.plist; sourceTree = "<group>"; };
/* End PBXFileReference section */

/* Begin PBXFrameworksBuildPhase section */
		7D73F8DA2560D6C700AF1244 /* Frameworks */ = {
			isa = PBXFrameworksBuildPhase;
			buildActionMask = 2147483647;
			files = (
			);
			runOnlyForDeploymentPostprocessing = 0;
		};
		7D73F8F02560D6C800AF1244 /* Frameworks */ = {
			isa = PBXFrameworksBuildPhase;
			buildActionMask = 2147483647;
			files = (
			);
			runOnlyForDeploymentPostprocessing = 0;
		};
		7D73F8FB2560D6C800AF1244 /* Frameworks */ = {
			isa = PBXFrameworksBuildPhase;
			buildActionMask = 2147483647;
			files = (
			);
			runOnlyForDeploymentPostprocessing = 0;
		};
/* End PBXFrameworksBuildPhase section */

/* Begin PBXGroup section */
		7D73F8D42560D6C700AF1244 = {
			isa = PBXGroup;
			children = (
				7D73F8DF2560D6C700AF1244 /* Test */,
				7D73F8F62560D6C800AF1244 /* TestTests */,
				7D73F9012560D6C800AF1244 /* TestUITests */,
				7D73F8DE2560D6C700AF1244 /* Products */,
			);
			sourceTree = "<group>";
		};
		7D73F8DE2560D6C700AF1244 /* Products */ = {
			isa = PBXGroup;
			children = (
				7D73F8DD2560D6C700AF1244 /* Test.app */,
				7D73F8F32560D6C800AF1244 /* TestTests.xctest */,
				7D73F8FE2560D6C800AF1244 /* TestUITests.xctest */,
			);
			name = Products;
			sourceTree = "<group>";
		};
		7D73F8DF2560D6C700AF1244 /* Test */ = {
			isa = PBXGroup;
			children = (
				7D73F8E02560D6C700AF1244 /* AppDelegate.swift */,
				7D73F8E22560D6C700AF1244 /* SceneDelegate.swift */,
				7D73F8E42560D6C700AF1244 /* ViewController.swift */,
				7D73F8E62560D6C700AF1244 /* Main.storyboard */,
				7D73F8E92560D6C800AF1244 /* Assets.xcassets */,
				7D73F8EB2560D6C800AF1244 /* LaunchScreen.storyboard */,
				7D73F8EE2560D6C800AF1244 /* Info.plist */,
			);
			path = Test;
			sourceTree = "<group>";
		};
		7D73F8F62560D6C800AF1244 /* TestTests */ = {
			isa = PBXGroup;
			children = (
				7D73F8F72560D6C800AF1244 /* TestTests.swift */,
				7D73F8F92560D6C800AF1244 /* Info.plist */,
			);
			path = TestTests;
			sourceTree = "<group>";
		};
		7D73F9012560D6C800AF1244 /* TestUITests */ = {
			isa = PBXGroup;
			children = (
				7D73F9022560D6C800AF1244 /* TestUITests.swift */,
				7D73F9042560D6C800AF1244 /* Info.plist */,
			);
			path = TestUITests;
			sourceTree = "<group>";
		};
/* End PBXGroup section */

/* Begin PBXNativeTarget section */
		7D73F8DC2560D6C700AF1244 /* Test */ = {
			isa = PBXNativeTarget;
			buildConfigurationList = 7D73F9072560D6C800AF1244 /* Build configuration list for PBXNativeTarget "Test" */;
			buildPhases = (
				7D73F8D92560D6C700AF1244 /* Sources */,
				7D73F8DA2560D6C700AF1244 /* Frameworks */,
				7D73F8DB2560D6C700AF1244 /* Resources */,
			);
			buildRules = (
			);
			dependencies = (
			);
			name = Test;
			productName = Test;
			productReference = 7D73F8DD2560D6C700AF1244 /* Test.app */;
			productType = "com.apple.product-type.application";
		};
		7D73F8F22560D6C800AF1244 /* TestTests */ = {
			isa = PBXNativeTarget;
			buildConfigurationList = 7D73F90A2560D6C800AF1244 /* Build configuration list for PBXNativeTarget "TestTests" */;
			buildPhases = (
				7D73F8EF2560D6C800AF1244 /* Sources */,
				7D73F8F02560D6C800AF1244 /* Frameworks */,
				7D73F8F12560D6C800AF1244 /* Resources */,
			);
			buildRules = (
			);
			dependencies = (
				7D73F8F52560D6C800AF1244 /* PBXTargetDependency */,
			);
			name = TestTests;
			productName = TestTests;
			productReference = 7D73F8F32560D6C800AF1244 /* TestTests.xctest */;
			productType = "com.apple.product-type.bundle.unit-test";
		};
		7D73F8FD2560D6C800AF1244 /* TestUITests */ = {
			isa = PBXNativeTarget;
			buildConfigurationList = 7D73F90D2560D6C800AF1244 /* Build configuration list for PBXNativeTarget "TestUITests" */;
			buildPhases = (
				7D73F8FA2560D6C800AF1244 /* Sources */,
				7D73F8FB2560D6C800AF1244 /* Frameworks */,
				7D73F8FC2560D6C800AF1244 /* Resources */,
			);
			buildRules = (
			);
			dependencies = (
				7D73F9002560D6C800AF1244 /* PBXTargetDependency */,
			);
			name = TestUITests;
			productName = TestUITests;
			productReference = 7D73F8FE2560D6C800AF1244 /* TestUITests.xctest */;
			productType = "com.apple.product-type.bundle.ui-testing";
		};
/* End PBXNativeTarget section */

/* Begin PBXProject section */
		7D73F8D52560D6C700AF1244 /* Project object */ = {
			isa = PBXProject;
			attributes = {
				LastSwiftUpdateCheck = 1210;
				LastUpgradeCheck = 1210;
				TargetAttributes = {
					7D73F8DC2560D6C700AF1244 = {
						CreatedOnToolsVersion = 12.1;
					};
					7D73F8F22560D6C800AF1244 = {
						CreatedOnToolsVersion = 12.1;
						TestTargetID = 7D73F8DC2560D6C700AF1244;
					};
					7D73F8FD2560D6C800AF1244 = {
						CreatedOnToolsVersion = 12.1;
						TestTargetID = 7D73F8DC2560D6C700AF1244;
					};
				};
			};
			buildConfigurationList = 7D73F8D82560D6C700AF1244 /* Build configuration list for PBXProject "Test" */;
			compatibilityVersion = "Xcode 9.3";
			developmentRegion = en;
			hasScannedForEncodings = 0;
			knownRegions = (
				en,
				Base,
			);
			mainGroup = 7D73F8D42560D6C700AF1244;
			productRefGroup = 7D73F8DE2560D6C700AF1244 /* Products */;
			projectDirPath = "";
			projectRoot = "";
			targets = (
				7D73F8DC2560D6C700AF1244 /* Test */,
				7D73F8F22560D6C800AF1244 /* TestTests */,
				7D73F8FD2560D6C800AF1244 /* TestUITests */,
			);
		};
/* End PBXProject section */

/* Begin PBXResourcesBuildPhase section */
		7D73F8DB2560D6C700AF1244 /* Resources */ = {
			isa = PBXResourcesBuildPhase;
			buildActionMask = 2147483647;
			files = (
				7D73F8ED2560D6C800AF1244 /* LaunchScreen.storyboard in Resources */,
				7D73F8EA2560D6C800AF1244 /* Assets.xcassets in Resources */,
				7D73F8E82560D6C700AF1244 /* Main.storyboard in Resources */,
			);
			runOnlyForDeploymentPostprocessing = 0;
		};
		7D73F8F12560D6C800AF1244 /* Resources */ = {
			isa = PBXResourcesBuildPhase;
			buildActionMask = 2147483647;
			files = (
			);
			runOnlyForDeploymentPostprocessing = 0;
		};
		7D73F8FC2560D6C800AF1244 /* Resources */ = {
			isa = PBXResourcesBuildPhase;
			buildActionMask = 2147483647;
			files = (
			);
			runOnlyForDeploymentPostprocessing = 0;
		};
/* End PBXResourcesBuildPhase section */

/* Begin PBXSourcesBuildPhase section */
		7D73F8D92560D6C700AF1244 /* Sources */ = {
			isa = PBXSourcesBuildPhase;
			buildActionMask = 2147483647;
			files = (
				7D73F8E52560D6C700AF1244 /* ViewController.swift in Sources */,
				7D73F8E12560D6C700AF1244 /* AppDelegate.swift in Sources */,
				7D73F8E32560D6C700AF1244 /* SceneDelegate.swift in Sources */,
			);
			runOnlyForDeploymentPostprocessing = 0;
		};
		7D73F8EF2560D6C800AF1244 /* Sources */ = {
			isa = PBXSourcesBuildPhase;
			buildActionMask = 2147483647;
			files = (
				7D73F8F82560D6C800AF1244 /* TestTests.swift in Sources */,
			);
			runOnlyForDeploymentPostprocessing = 0;
		};
		7D73F8FA2560D6C800AF1244 /* Sources */ = {
			isa = PBXSourcesBuildPhase;
			buildActionMask = 2147483647;
			files = (
				7D73F9032560D6C800AF1244 /* TestUITests.swift in Sources */,
			);
			runOnlyForDeploymentPostprocessing = 0;
		};
/* End PBXSourcesBuildPhase section */

/* Begin PBXTargetDependency section */
		7D73F8F52560D6C800AF1244 /* PBXTargetDependency */ = {
			isa = PBXTargetDependency;
			target = 7D73F8DC2560D6C700AF1244 /* Test */;
			targetProxy = 7D73F8F42560D6C800AF1244 /* PBXContainerItemProxy */;
		};
		7D73F9002560D6C800AF1244 /* PBXTargetDependency */ = {
			isa = PBXTargetDependency;
			target = 7D73F8DC2560D6C700AF1244 /* Test */;
			targetProxy = 7D73F8FF2560D6C800AF1244 /* PBXContainerItemProxy */;
		};
/* End PBXTargetDependency section */

/* Begin PBXVariantGroup section */
		7D73F8E62560D6C700AF1244 /* Main.storyboard */ = {
			isa = PBXVariantGroup;
			children = (
				7D73F8E72560D6C700AF1244 /* Base */,
			);
			name = Main.storyboard;
			sourceTree = "<group>";
		};
		7D73F8EB2560D6C800AF1244 /* LaunchScreen.storyboard */ = {
			isa = PBXVariantGroup;
			children = (
				7D73F8EC2560D6C800AF1244 /* Base */,
			);
			name = LaunchScreen.storyboard;
			sourceTree = "<group>";
		};
/* End PBXVariantGroup section */

/* Begin XCBuildConfiguration section */
		7D73F9052560D6C800AF1244 /* Debug */ = {
			isa = XCBuildConfiguration;
			buildSettings = {
				ALWAYS_SEARCH_USER_PATHS = NO;
				CLANG_ANALYZER_NONNULL = YES;
				CLANG_ANALYZER_NUMBER_OBJECT_CONVERSION = YES_AGGRESSIVE;
				CLANG_CXX_LANGUAGE_STANDARD = "gnu++14";
				CLANG_CXX_LIBRARY = "libc++";
				CLANG_ENABLE_MODULES = YES;
				CLANG_ENABLE_OBJC_ARC = YES;
				CLANG_ENABLE_OBJC_WEAK = YES;
				CLANG_WARN_BLOCK_CAPTURE_AUTORELEASING = YES;
				CLANG_WARN_BOOL_CONVERSION = YES;
				CLANG_WARN_COMMA = YES;
				CLANG_WARN_CONSTANT_CONVERSION = YES;
				CLANG_WARN_DEPRECATED_OBJC_IMPLEMENTATIONS = YES;
				CLANG_WARN_DIRECT_OBJC_ISA_USAGE = YES_ERROR;
				CLANG_WARN_DOCUMENTATION_COMMENTS = YES;
				CLANG_WARN_EMPTY_BODY = YES;
				CLANG_WARN_ENUM_CONVERSION = YES;
				CLANG_WARN_INFINITE_RECURSION = YES;
				CLANG_WARN_INT_CONVERSION = YES;
				CLANG_WARN_NON_LITERAL_NULL_CONVERSION = YES;
				CLANG_WARN_OBJC_IMPLICIT_RETAIN_SELF = YES;
				CLANG_WARN_OBJC_LITERAL_CONVERSION = YES;
				CLANG_WARN_OBJC_ROOT_CLASS = YES_ERROR;
				CLANG_WARN_QUOTED_INCLUDE_IN_FRAMEWORK_HEADER = YES;
				CLANG_WARN_RANGE_LOOP_ANALYSIS = YES;
				CLANG_WARN_STRICT_PROTOTYPES = YES;
				CLANG_WARN_SUSPICIOUS_MOVE = YES;
				CLANG_WARN_UNGUARDED_AVAILABILITY = YES_AGGRESSIVE;
				CLANG_WARN_UNREACHABLE_CODE = YES;
				CLANG_WARN__DUPLICATE_METHOD_MATCH = YES;
				COPY_PHASE_STRIP = NO;
				DEBUG_INFORMATION_FORMAT = dwarf;
				ENABLE_STRICT_OBJC_MSGSEND = YES;
				ENABLE_TESTABILITY = YES;
				GCC_C_LANGUAGE_STANDARD = gnu11;
				GCC_DYNAMIC_NO_PIC = NO;
				GCC_NO_COMMON_BLOCKS = YES;
				GCC_OPTIMIZATION_LEVEL = 0;
				GCC_PREPROCESSOR_DEFINITIONS = (
					"DEBUG=1",
					"$(inherited)",
				);
				GCC_WARN_64_TO_32_BIT_CONVERSION = YES;
				GCC_WARN_ABOUT_RETURN_TYPE = YES_ERROR;
				GCC_WARN_UNDECLARED_SELECTOR = YES;
				GCC_WARN_UNINITIALIZED_AUTOS = YES_AGGRESSIVE;
				GCC_WARN_UNUSED_FUNCTION = YES;
				GCC_WARN_UNUSED_VARIABLE = YES;
				IPHONEOS_DEPLOYMENT_TARGET = 14.1;
				MTL_ENABLE_DEBUG_INFO = INCLUDE_SOURCE;
				MTL_FAST_MATH = YES;
				ONLY_ACTIVE_ARCH = YES;
				SDKROOT = iphoneos;
				SWIFT_ACTIVE_COMPILATION_CONDITIONS = DEBUG;
				SWIFT_OPTIMIZATION_LEVEL = "-Onone";
			};
			name = Debug;
		};
		7D73F9062560D6C800AF1244 /* Release */ = {
			isa = XCBuildConfiguration;
			buildSettings = {
				ALWAYS_SEARCH_USER_PATHS = NO;
				CLANG_ANALYZER_NONNULL = YES;
				CLANG_ANALYZER_NUMBER_OBJECT_CONVERSION = YES_AGGRESSIVE;
				CLANG_CXX_LANGUAGE_STANDARD = "gnu++14";
				CLANG_CXX_LIBRARY = "libc++";
				CLANG_ENABLE_MODULES = YES;
				CLANG_ENABLE_OBJC_ARC = YES;
				CLANG_ENABLE_OBJC_WEAK = YES;
				CLANG_WARN_BLOCK_CAPTURE_AUTORELEASING = YES;
				CLANG_WARN_BOOL_CONVERSION = YES;
				CLANG_WARN_COMMA = YES;
				CLANG_WARN_CONSTANT_CONVERSION = YES;
				CLANG_WARN_DEPRECATED_OBJC_IMPLEMENTATIONS = YES;
				CLANG_WARN_DIRECT_OBJC_ISA_USAGE = YES_ERROR;
				CLANG_WARN_DOCUMENTATION_COMMENTS = YES;
				CLANG_WARN_EMPTY_BODY = YES;
				CLANG_WARN_ENUM_CONVERSION = YES;
				CLANG_WARN_INFINITE_RECURSION = YES;
				CLANG_WARN_INT_CONVERSION = YES;
				CLANG_WARN_NON_LITERAL_NULL_CONVERSION = YES;
				CLANG_WARN_OBJC_IMPLICIT_RETAIN_SELF = YES;
				CLANG_WARN_OBJC_LITERAL_CONVERSION = YES;
				CLANG_WARN_OBJC_ROOT_CLASS = YES_ERROR;
				CLANG_WARN_QUOTED_INCLUDE_IN_FRAMEWORK_HEADER = YES;
				CLANG_WARN_RANGE_LOOP_ANALYSIS = YES;
				CLANG_WARN_STRICT_PROTOTYPES = YES;
				CLANG_WARN_SUSPICIOUS_MOVE = YES;
				CLANG_WARN_UNGUARDED_AVAILABILITY = YES_AGGRESSIVE;
				CLANG_WARN_UNREACHABLE_CODE = YES;
				CLANG_WARN__DUPLICATE_METHOD_MATCH = YES;
				COPY_PHASE_STRIP = NO;
				DEBUG_INFORMATION_FORMAT = "dwarf-with-dsym";
				ENABLE_NS_ASSERTIONS = NO;
				ENABLE_STRICT_OBJC_MSGSEND = YES;
				GCC_C_LANGUAGE_STANDARD = gnu11;
				GCC_NO_COMMON_BLOCKS = YES;
				GCC_WARN_64_TO_32_BIT_CONVERSION = YES;
				GCC_WARN_ABOUT_RETURN_TYPE = YES_ERROR;
				GCC_WARN_UNDECLARED_SELECTOR = YES;
				GCC_WARN_UNINITIALIZED_AUTOS = YES_AGGRESSIVE;
				GCC_WARN_UNUSED_FUNCTION = YES;
				GCC_WARN_UNUSED_VARIABLE = YES;
				IPHONEOS_DEPLOYMENT_TARGET = 14.1;
				MTL_ENABLE_DEBUG_INFO = NO;
				MTL_FAST_MATH = YES;
				SDKROOT = iphoneos;
				SWIFT_COMPILATION_MODE = wholemodule;
				SWIFT_OPTIMIZATION_LEVEL = "-O";
				VALIDATE_PRODUCT = YES;
			};
			name = Release;
		};
		7D73F9082560D6C800AF1244 /* Debug */ = {
			isa = XCBuildConfiguration;
			buildSettings = {
				ASSETCATALOG_COMPILER_APPICON_NAME = AppIcon;
				ASSETCATALOG_COMPILER_GLOBAL_ACCENT_COLOR_NAME = AccentColor;
				CODE_SIGN_STYLE = Automatic;
				INFOPLIST_FILE = Test/Info.plist;
				LD_RUNPATH_SEARCH_PATHS = (
					"$(inherited)",
					"@executable_path/Frameworks",
				);
				PRODUCT_BUNDLE_IDENTIFIER = solarjsc.Test;
				PRODUCT_NAME = "$(TARGET_NAME)";
				SWIFT_VERSION = 5.0;
				TARGETED_DEVICE_FAMILY = "1,2";
			};
			name = Debug;
		};
		7D73F9092560D6C800AF1244 /* Release */ = {
			isa = XCBuildConfiguration;
			buildSettings = {
				ASSETCATALOG_COMPILER_APPICON_NAME = AppIcon;
				ASSETCATALOG_COMPILER_GLOBAL_ACCENT_COLOR_NAME = AccentColor;
				CODE_SIGN_STYLE = Automatic;
				INFOPLIST_FILE = Test/Info.plist;
				LD_RUNPATH_SEARCH_PATHS = (
					"$(inherited)",
					"@executable_path/Frameworks",
				);
				PRODUCT_BUNDLE_IDENTIFIER = solarjsc.Test;
				PRODUCT_NAME = "$(TARGET_NAME)";
				SWIFT_VERSION = 5.0;
				TARGETED_DEVICE_FAMILY = "1,2";
			};
			name = Release;
		};
		7D73F90B2560D6C800AF1244 /* Debug */ = {
			isa = XCBuildConfiguration;
			buildSettings = {
				ALWAYS_EMBED_SWIFT_STANDARD_LIBRARIES = YES;
				BUNDLE_LOADER = "$(TEST_HOST)";
				CODE_SIGN_STYLE = Automatic;
				INFOPLIST_FILE = TestTests/Info.plist;
				IPHONEOS_DEPLOYMENT_TARGET = 14.1;
				LD_RUNPATH_SEARCH_PATHS = (
					"$(inherited)",
					"@executable_path/Frameworks",
					"@loader_path/Frameworks",
				);
				PRODUCT_BUNDLE_IDENTIFIER = solarjsc.TestTests;
				PRODUCT_NAME = "$(TARGET_NAME)";
				SWIFT_VERSION = 5.0;
				TARGETED_DEVICE_FAMILY = "1,2";
				TEST_HOST = "$(BUILT_PRODUCTS_DIR)/Test.app/Test";
			};
			name = Debug;
		};
		7D73F90C2560D6C800AF1244 /* Release */ = {
			isa = XCBuildConfiguration;
			buildSettings = {
				ALWAYS_EMBED_SWIFT_STANDARD_LIBRARIES = YES;
				BUNDLE_LOADER = "$(TEST_HOST)";
				CODE_SIGN_STYLE = Automatic;
				INFOPLIST_FILE = TestTests/Info.plist;
				IPHONEOS_DEPLOYMENT_TARGET = 14.1;
				LD_RUNPATH_SEARCH_PATHS = (
					"$(inherited)",
					"@executable_path/Frameworks",
					"@loader_path/Frameworks",
				);
				PRODUCT_BUNDLE_IDENTIFIER = solarjsc.TestTests;
				PRODUCT_NAME = "$(TARGET_NAME)";
				SWIFT_VERSION = 5.0;
				TARGETED_DEVICE_FAMILY = "1,2";
				TEST_HOST = "$(BUILT_PRODUCTS_DIR)/Test.app/Test";
			};
			name = Release;
		};
		7D73F90E2560D6C800AF1244 /* Debug */ = {
			isa = XCBuildConfiguration;
			buildSettings = {
				ALWAYS_EMBED_SWIFT_STANDARD_LIBRARIES = YES;
				CODE_SIGN_STYLE = Automatic;
				INFOPLIST_FILE = TestUITests/Info.plist;
				LD_RUNPATH_SEARCH_PATHS = (
					"$(inherited)",
					"@executable_path/Frameworks",
					"@loader_path/Frameworks",
				);
				PRODUCT_BUNDLE_IDENTIFIER = solarjsc.TestUITests;
				PRODUCT_NAME = "$(TARGET_NAME)";
				SWIFT_VERSION = 5.0;
				TARGETED_DEVICE_FAMILY = "1,2";
				TEST_TARGET_NAME = Test;
			};
			name = Debug;
		};
		7D73F90F2560D6C800AF1244 /* Release */ = {
			isa = XCBuildConfiguration;
			buildSettings = {
				ALWAYS_EMBED_SWIFT_STANDARD_LIBRARIES = YES;
				CODE_SIGN_STYLE = Automatic;
				INFOPLIST_FILE = TestUITests/Info.plist;
				LD_RUNPATH_SEARCH_PATHS = (
					"$(inherited)",
					"@executable_path/Frameworks",
					"@loader_path/Frameworks",
				);
				PRODUCT_BUNDLE_IDENTIFIER = solarjsc.TestUITests;
				PRODUCT_NAME = "$(TARGET_NAME)";
				SWIFT_VERSION = 5.0;
				TARGETED_DEVICE_FAMILY = "1,2";
				TEST_TARGET_NAME = Test;
			};
			name = Release;
		};
/* End XCBuildConfiguration section */

/* Begin XCConfigurationList section */
		7D73F8D82560D6C700AF1244 /* Build configuration list for PBXProject "Test" */ = {
			isa = XCConfigurationList;
			buildConfigurations = (
				7D73F9052560D6C800AF1244 /* Debug */,
				7D73F9062560D6C800AF1244 /* Release */,
			);
			defaultConfigurationIsVisible = 0;
			defaultConfigurationName = Release;
		};
		7D73F9072560D6C800AF1244 /* Build configuration list for PBXNativeTarget "Test" */ = {
			isa = XCConfigurationList;
			buildConfigurations = (
				7D73F9082560D6C800AF1244 /* Debug */,
				7D73F9092560D6C800AF1244 /* Release */,
			);
			defaultConfigurationIsVisible = 0;
			defaultConfigurationName = Release;
		};
		7D73F90A2560D6C800AF1244 /* Build configuration list for PBXNativeTarget "TestTests" */ = {
			isa = XCConfigurationList;
			buildConfigurations = (
				7D73F90B2560D6C800AF1244 /* Debug */,
				7D73F90C2560D6C800AF1244 /* Release */,
			);
			defaultConfigurationIsVisible = 0;
			defaultConfigurationName = Release;
		};
		7D73F90D2560D6C800AF1244 /* Build configuration list for PBXNativeTarget "TestUITests" */ = {
			isa = XCConfigurationList;
			buildConfigurations = (
				7D73F90E2560D6C800AF1244 /* Debug */,
				7D73F90F2560D6C800AF1244 /* Release */,
			);
			defaultConfigurationIsVisible = 0;
			defaultConfigurationName = Release;
		};
/* End XCConfigurationList section */
	};
	rootObject = 7D73F8D52560D6C700AF1244 /* Project object */;
}
